
Microsoft Visual Studio Solution File, Format Version 12.00
# Visual Studio 15
VisualStudioVersion = 15.0.27428.2005
MinimumVisualStudioVersion = 10.0.40219.1
Project("{FAE04EC0-301F-11D3-BF4B-00C04F79EFBC}") = "PolitiekeBarometer_CA", "POC_IntegratieProject_framework\PolitiekeBarometer_CA.csproj", "{5F412920-9299-48E6-AAC2-22F8E3FAD23B}"
EndProject
Project("{FAE04EC0-301F-11D3-BF4B-00C04F79EFBC}") = "BL", "BL\BL.csproj", "{73EAB191-FE2B-400E-89CE-499F187F5044}"
EndProject
Project("{FAE04EC0-301F-11D3-BF4B-00C04F79EFBC}") = "DAL", "DAL\DAL.csproj", "{867CB698-799C-43A6-948A-26F068C130E0}"
EndProject
Project("{FAE04EC0-301F-11D3-BF4B-00C04F79EFBC}") = "Domain", "Domain\Domain.csproj", "{8FD40279-6C0C-47BF-B57C-248B268FAA85}"
EndProject
Global
	GlobalSection(SolutionConfigurationPlatforms) = preSolution
		Debug|Any CPU = Debug|Any CPU
		Release|Any CPU = Release|Any CPU
	EndGlobalSection
	GlobalSection(ProjectConfigurationPlatforms) = postSolution
		{5F412920-9299-48E6-AAC2-22F8E3FAD23B}.Debug|Any CPU.ActiveCfg = Debug|Any CPU
		{5F412920-9299-48E6-AAC2-22F8E3FAD23B}.Debug|Any CPU.Build.0 = Debug|Any CPU
		{5F412920-9299-48E6-AAC2-22F8E3FAD23B}.Release|Any CPU.ActiveCfg = Release|Any CPU
		{5F412920-9299-48E6-AAC2-22F8E3FAD23B}.Release|Any CPU.Build.0 = Release|Any CPU
		{73EAB191-FE2B-400E-89CE-499F187F5044}.Debug|Any CPU.ActiveCfg = Debug|Any CPU
		{73EAB191-FE2B-400E-89CE-499F187F5044}.Debug|Any CPU.Build.0 = Debug|Any CPU
		{73EAB191-FE2B-400E-89CE-499F187F5044}.Release|Any CPU.ActiveCfg = Release|Any CPU
		{73EAB191-FE2B-400E-89CE-499F187F5044}.Release|Any CPU.Build.0 = Release|Any CPU
		{867CB698-799C-43A6-948A-26F068C130E0}.Debug|Any CPU.ActiveCfg = Debug|Any CPU
		{867CB698-799C-43A6-948A-26F068C130E0}.Debug|Any CPU.Build.0 = Debug|Any CPU
		{867CB698-799C-43A6-948A-26F068C130E0}.Release|Any CPU.ActiveCfg = Release|Any CPU
		{867CB698-799C-43A6-948A-26F068C130E0}.Release|Any CPU.Build.0 = Release|Any CPU
		{8FD40279-6C0C-47BF-B57C-248B268FAA85}.Debug|Any CPU.ActiveCfg = Debug|Any CPU
		{8FD40279-6C0C-47BF-B57C-248B268FAA85}.Debug|Any CPU.Build.0 = Debug|Any CPU
		{8FD40279-6C0C-47BF-B57C-248B268FAA85}.Release|Any CPU.ActiveCfg = Release|Any CPU
		{8FD40279-6C0C-47BF-B57C-248B268FAA85}.Release|Any CPU.Build.0 = Release|Any CPU
	EndGlobalSection
	GlobalSection(SolutionProperties) = preSolution
		HideSolutionNode = FALSE
	EndGlobalSection
	GlobalSection(ExtensibilityGlobals) = postSolution
		SolutionGuid = {3D538268-8A42-4B08-A440-93123416EE2D}
	EndGlobalSection
EndGlobal
